
Microsoft Visual Studio Solution File, Format Version 12.00
# Visual Studio Version 16
VisualStudioVersion = 16.0.32228.343
MinimumVisualStudioVersion = 10.0.40219.1
Project("{FAE04EC0-301F-11D3-BF4B-00C04F79EFBC}") = "Lab04 - DesAEA", "Lab04 - DesAEA.csproj", "{5DE83B1D-9D24-47EE-8DE0-90D66203B9B9}"
EndProject
Project("{FAE04EC0-301F-11D3-BF4B-00C04F79EFBC}") = "WPFSemana04_DesAEA", "..\WPFSemana04_DesAEA\WPFSemana04_DesAEA.csproj", "{DA09FE26-EFC4-4C84-9A60-9A992CD28261}"
EndProject
Global
	GlobalSection(SolutionConfigurationPlatforms) = preSolution
		Debug|Any CPU = Debug|Any CPU
		Release|Any CPU = Release|Any CPU
	EndGlobalSection
	GlobalSection(ProjectConfigurationPlatforms) = postSolution
		{5DE83B1D-9D24-47EE-8DE0-90D66203B9B9}.Debug|Any CPU.ActiveCfg = Debug|Any CPU
		{5DE83B1D-9D24-47EE-8DE0-90D66203B9B9}.Debug|Any CPU.Build.0 = Debug|Any CPU
		{5DE83B1D-9D24-47EE-8DE0-90D66203B9B9}.Release|Any CPU.ActiveCfg = Release|Any CPU
		{5DE83B1D-9D24-47EE-8DE0-90D66203B9B9}.Release|Any CPU.Build.0 = Release|Any CPU
		{DA09FE26-EFC4-4C84-9A60-9A992CD28261}.Debug|Any CPU.ActiveCfg = Debug|Any CPU
		{DA09FE26-EFC4-4C84-9A60-9A992CD28261}.Debug|Any CPU.Build.0 = Debug|Any CPU
		{DA09FE26-EFC4-4C84-9A60-9A992CD28261}.Release|Any CPU.ActiveCfg = Release|Any CPU
		{DA09FE26-EFC4-4C84-9A60-9A992CD28261}.Release|Any CPU.Build.0 = Release|Any CPU
	EndGlobalSection
	GlobalSection(SolutionProperties) = preSolution
		HideSolutionNode = FALSE
	EndGlobalSection
	GlobalSection(ExtensibilityGlobals) = postSolution
		SolutionGuid = {D898395D-9A02-40E1-9D8E-ADF3E1F8DBCD}
	EndGlobalSection
EndGlobal
